// !$*UTF8*$!
{
	archiveVersion = 1;
	classes = {
	};
	objectVersion = 77;
	objects = {

/* Begin PBXContainerItemProxy section */
		93C4092A2D064F5400A5B4D5 /* PBXContainerItemProxy */ = {
			isa = PBXContainerItemProxy;
			containerPortal = 93C409102D064F5300A5B4D5 /* Project object */;
			proxyType = 1;
			remoteGlobalIDString = 93C409172D064F5300A5B4D5;
			remoteInfo = "DS Stop";
		};
		93C409342D064F5400A5B4D5 /* PBXContainerItemProxy */ = {
			isa = PBXContainerItemProxy;
			containerPortal = 93C409102D064F5300A5B4D5 /* Project object */;
			proxyType = 1;
			remoteGlobalIDString = 93C409172D064F5300A5B4D5;
			remoteInfo = "DS Stop";
		};
/* End PBXContainerItemProxy section */

/* Begin PBXFileReference section */
		93C409182D064F5300A5B4D5 /* DS Stop.app */ = {isa = PBXFileReference; explicitFileType = wrapper.application; includeInIndex = 0; path = "DS Stop.app"; sourceTree = BUILT_PRODUCTS_DIR; };
		93C409292D064F5400A5B4D5 /* DS StopTests.xctest */ = {isa = PBXFileReference; explicitFileType = wrapper.cfbundle; includeInIndex = 0; path = "DS StopTests.xctest"; sourceTree = BUILT_PRODUCTS_DIR; };
		93C409332D064F5400A5B4D5 /* DS StopUITests.xctest */ = {isa = PBXFileReference; explicitFileType = wrapper.cfbundle; includeInIndex = 0; path = "DS StopUITests.xctest"; sourceTree = BUILT_PRODUCTS_DIR; };
/* End PBXFileReference section */

/* Begin PBXFileSystemSynchronizedRootGroup section */
		93C4091A2D064F5300A5B4D5 /* DS Stop */ = {
			isa = PBXFileSystemSynchronizedRootGroup;
			path = "DS Stop";
			sourceTree = "<group>";
		};
		93C4092C2D064F5400A5B4D5 /* DS StopTests */ = {
			isa = PBXFileSystemSynchronizedRootGroup;
			path = "DS StopTests";
			sourceTree = "<group>";
		};
		93C409362D064F5400A5B4D5 /* DS StopUITests */ = {
			isa = PBXFileSystemSynchronizedRootGroup;
			path = "DS StopUITests";
			sourceTree = "<group>";
		};
/* End PBXFileSystemSynchronizedRootGroup section */

/* Begin PBXFrameworksBuildPhase section */
		93C409152D064F5300A5B4D5 /* Frameworks */ = {
			isa = PBXFrameworksBuildPhase;
			buildActionMask = 2147483647;
			files = (
			);
			runOnlyForDeploymentPostprocessing = 0;
		};
		93C409262D064F5400A5B4D5 /* Frameworks */ = {
			isa = PBXFrameworksBuildPhase;
			buildActionMask = 2147483647;
			files = (
			);
			runOnlyForDeploymentPostprocessing = 0;
		};
		93C409302D064F5400A5B4D5 /* Frameworks */ = {
			isa = PBXFrameworksBuildPhase;
			buildActionMask = 2147483647;
			files = (
			);
			runOnlyForDeploymentPostprocessing = 0;
		};
/* End PBXFrameworksBuildPhase section */

/* Begin PBXGroup section */
		93C4090F2D064F5300A5B4D5 = {
			isa = PBXGroup;
			children = (
				93C4091A2D064F5300A5B4D5 /* DS Stop */,
				93C4092C2D064F5400A5B4D5 /* DS StopTests */,
				93C409362D064F5400A5B4D5 /* DS StopUITests */,
				93C409192D064F5300A5B4D5 /* Products */,
			);
			sourceTree = "<group>";
		};
		93C409192D064F5300A5B4D5 /* Products */ = {
			isa = PBXGroup;
			children = (
				93C409182D064F5300A5B4D5 /* DS Stop.app */,
				93C409292D064F5400A5B4D5 /* DS StopTests.xctest */,
				93C409332D064F5400A5B4D5 /* DS StopUITests.xctest */,
			);
			name = Products;
			sourceTree = "<group>";
		};
/* End PBXGroup section */

/* Begin PBXNativeTarget section */
		93C409172D064F5300A5B4D5 /* DS Stop */ = {
			isa = PBXNativeTarget;
			buildConfigurationList = 93C4093D2D064F5400A5B4D5 /* Build configuration list for PBXNativeTarget "DS Stop" */;
			buildPhases = (
				93C409142D064F5300A5B4D5 /* Sources */,
				93C409152D064F5300A5B4D5 /* Frameworks */,
				93C409162D064F5300A5B4D5 /* Resources */,
			);
			buildRules = (
			);
			dependencies = (
			);
			fileSystemSynchronizedGroups = (
				93C4091A2D064F5300A5B4D5 /* DS Stop */,
			);
			name = "DS Stop";
			packageProductDependencies = (
			);
			productName = "DS Stop";
			productReference = 93C409182D064F5300A5B4D5 /* DS Stop.app */;
			productType = "com.apple.product-type.application";
		};
		93C409282D064F5400A5B4D5 /* DS StopTests */ = {
			isa = PBXNativeTarget;
			buildConfigurationList = 93C409402D064F5400A5B4D5 /* Build configuration list for PBXNativeTarget "DS StopTests" */;
			buildPhases = (
				93C409252D064F5400A5B4D5 /* Sources */,
				93C409262D064F5400A5B4D5 /* Frameworks */,
				93C409272D064F5400A5B4D5 /* Resources */,
			);
			buildRules = (
			);
			dependencies = (
				93C4092B2D064F5400A5B4D5 /* PBXTargetDependency */,
			);
			fileSystemSynchronizedGroups = (
				93C4092C2D064F5400A5B4D5 /* DS StopTests */,
			);
			name = "DS StopTests";
			packageProductDependencies = (
			);
			productName = "DS StopTests";
			productReference = 93C409292D064F5400A5B4D5 /* DS StopTests.xctest */;
			productType = "com.apple.product-type.bundle.unit-test";
		};
		93C409322D064F5400A5B4D5 /* DS StopUITests */ = {
			isa = PBXNativeTarget;
			buildConfigurationList = 93C409432D064F5400A5B4D5 /* Build configuration list for PBXNativeTarget "DS StopUITests" */;
			buildPhases = (
				93C4092F2D064F5400A5B4D5 /* Sources */,
				93C409302D064F5400A5B4D5 /* Frameworks */,
				93C409312D064F5400A5B4D5 /* Resources */,
			);
			buildRules = (
			);
			dependencies = (
				93C409352D064F5400A5B4D5 /* PBXTargetDependency */,
			);
			fileSystemSynchronizedGroups = (
				93C409362D064F5400A5B4D5 /* DS StopUITests */,
			);
			name = "DS StopUITests";
			packageProductDependencies = (
			);
			productName = "DS StopUITests";
			productReference = 93C409332D064F5400A5B4D5 /* DS StopUITests.xctest */;
			productType = "com.apple.product-type.bundle.ui-testing";
		};
/* End PBXNativeTarget section */

/* Begin PBXProject section */
		93C409102D064F5300A5B4D5 /* Project object */ = {
			isa = PBXProject;
			attributes = {
				BuildIndependentTargetsInParallel = 1;
				LastSwiftUpdateCheck = 1610;
				LastUpgradeCheck = 1610;
				TargetAttributes = {
					93C409172D064F5300A5B4D5 = {
						CreatedOnToolsVersion = 16.1;
					};
					93C409282D064F5400A5B4D5 = {
						CreatedOnToolsVersion = 16.1;
						TestTargetID = 93C409172D064F5300A5B4D5;
					};
					93C409322D064F5400A5B4D5 = {
						CreatedOnToolsVersion = 16.1;
						TestTargetID = 93C409172D064F5300A5B4D5;
					};
				};
			};
			buildConfigurationList = 93C409132D064F5300A5B4D5 /* Build configuration list for PBXProject "DS Stop" */;
			developmentRegion = en;
			hasScannedForEncodings = 0;
			knownRegions = (
				en,
				Base,
			);
			mainGroup = 93C4090F2D064F5300A5B4D5;
			minimizedProjectReferenceProxies = 1;
			preferredProjectObjectVersion = 77;
			productRefGroup = 93C409192D064F5300A5B4D5 /* Products */;
			projectDirPath = "";
			projectRoot = "";
			targets = (
				93C409172D064F5300A5B4D5 /* DS Stop */,
				93C409282D064F5400A5B4D5 /* DS StopTests */,
				93C409322D064F5400A5B4D5 /* DS StopUITests */,
			);
		};
/* End PBXProject section */

/* Begin PBXResourcesBuildPhase section */
		93C409162D064F5300A5B4D5 /* Resources */ = {
			isa = PBXResourcesBuildPhase;
			buildActionMask = 2147483647;
			files = (
			);
			runOnlyForDeploymentPostprocessing = 0;
		};
		93C409272D064F5400A5B4D5 /* Resources */ = {
			isa = PBXResourcesBuildPhase;
			buildActionMask = 2147483647;
			files = (
			);
			runOnlyForDeploymentPostprocessing = 0;
		};
		93C409312D064F5400A5B4D5 /* Resources */ = {
			isa = PBXResourcesBuildPhase;
			buildActionMask = 2147483647;
			files = (
			);
			runOnlyForDeploymentPostprocessing = 0;
		};
/* End PBXResourcesBuildPhase section */

/* Begin PBXSourcesBuildPhase section */
		93C409142D064F5300A5B4D5 /* Sources */ = {
			isa = PBXSourcesBuildPhase;
			buildActionMask = 2147483647;
			files = (
			);
			runOnlyForDeploymentPostprocessing = 0;
		};
		93C409252D064F5400A5B4D5 /* Sources */ = {
			isa = PBXSourcesBuildPhase;
			buildActionMask = 2147483647;
			files = (
			);
			runOnlyForDeploymentPostprocessing = 0;
		};
		93C4092F2D064F5400A5B4D5 /* Sources */ = {
			isa = PBXSourcesBuildPhase;
			buildActionMask = 2147483647;
			files = (
			);
			runOnlyForDeploymentPostprocessing = 0;
		};
/* End PBXSourcesBuildPhase section */

/* Begin PBXTargetDependency section */
		93C4092B2D064F5400A5B4D5 /* PBXTargetDependency */ = {
			isa = PBXTargetDependency;
			target = 93C409172D064F5300A5B4D5 /* DS Stop */;
			targetProxy = 93C4092A2D064F5400A5B4D5 /* PBXContainerItemProxy */;
		};
		93C409352D064F5400A5B4D5 /* PBXTargetDependency */ = {
			isa = PBXTargetDependency;
			target = 93C409172D064F5300A5B4D5 /* DS Stop */;
			targetProxy = 93C409342D064F5400A5B4D5 /* PBXContainerItemProxy */;
		};
/* End PBXTargetDependency section */

/* Begin XCBuildConfiguration section */
		93C4093B2D064F5400A5B4D5 /* Debug */ = {
			isa = XCBuildConfiguration;
			buildSettings = {
				ALWAYS_SEARCH_USER_PATHS = NO;
				ASSETCATALOG_COMPILER_GENERATE_SWIFT_ASSET_SYMBOL_EXTENSIONS = YES;
				CLANG_ANALYZER_NONNULL = YES;
				CLANG_ANALYZER_NUMBER_OBJECT_CONVERSION = YES_AGGRESSIVE;
				CLANG_CXX_LANGUAGE_STANDARD = "gnu++20";
				CLANG_ENABLE_MODULES = YES;
				CLANG_ENABLE_OBJC_ARC = YES;
				CLANG_ENABLE_OBJC_WEAK = YES;
				CLANG_WARN_BLOCK_CAPTURE_AUTORELEASING = YES;
				CLANG_WARN_BOOL_CONVERSION = YES;
				CLANG_WARN_COMMA = YES;
				CLANG_WARN_CONSTANT_CONVERSION = YES;
				CLANG_WARN_DEPRECATED_OBJC_IMPLEMENTATIONS = YES;
				CLANG_WARN_DIRECT_OBJC_ISA_USAGE = YES_ERROR;
				CLANG_WARN_DOCUMENTATION_COMMENTS = YES;
				CLANG_WARN_EMPTY_BODY = YES;
				CLANG_WARN_ENUM_CONVERSION = YES;
				CLANG_WARN_INFINITE_RECURSION = YES;
				CLANG_WARN_INT_CONVERSION = YES;
				CLANG_WARN_NON_LITERAL_NULL_CONVERSION = YES;
				CLANG_WARN_OBJC_IMPLICIT_RETAIN_SELF = YES;
				CLANG_WARN_OBJC_LITERAL_CONVERSION = YES;
				CLANG_WARN_OBJC_ROOT_CLASS = YES_ERROR;
				CLANG_WARN_QUOTED_INCLUDE_IN_FRAMEWORK_HEADER = YES;
				CLANG_WARN_RANGE_LOOP_ANALYSIS = YES;
				CLANG_WARN_STRICT_PROTOTYPES = YES;
				CLANG_WARN_SUSPICIOUS_MOVE = YES;
				CLANG_WARN_UNGUARDED_AVAILABILITY = YES_AGGRESSIVE;
				CLANG_WARN_UNREACHABLE_CODE = YES;
				CLANG_WARN__DUPLICATE_METHOD_MATCH = YES;
				COPY_PHASE_STRIP = NO;
				DEBUG_INFORMATION_FORMAT = dwarf;
				ENABLE_STRICT_OBJC_MSGSEND = YES;
				ENABLE_TESTABILITY = YES;
				ENABLE_USER_SCRIPT_SANDBOXING = YES;
				GCC_C_LANGUAGE_STANDARD = gnu17;
				GCC_DYNAMIC_NO_PIC = NO;
				GCC_NO_COMMON_BLOCKS = YES;
				GCC_OPTIMIZATION_LEVEL = 0;
				GCC_PREPROCESSOR_DEFINITIONS = (
					"DEBUG=1",
					"$(inherited)",
				);
				GCC_WARN_64_TO_32_BIT_CONVERSION = YES;
				GCC_WARN_ABOUT_RETURN_TYPE = YES_ERROR;
				GCC_WARN_UNDECLARED_SELECTOR = YES;
				GCC_WARN_UNINITIALIZED_AUTOS = YES_AGGRESSIVE;
				GCC_WARN_UNUSED_FUNCTION = YES;
				GCC_WARN_UNUSED_VARIABLE = YES;
				LOCALIZATION_PREFERS_STRING_CATALOGS = YES;
				MACOSX_DEPLOYMENT_TARGET = 15.1;
				MTL_ENABLE_DEBUG_INFO = INCLUDE_SOURCE;
				MTL_FAST_MATH = YES;
				ONLY_ACTIVE_ARCH = YES;
				SDKROOT = macosx;
				SWIFT_ACTIVE_COMPILATION_CONDITIONS = "DEBUG $(inherited)";
				SWIFT_OPTIMIZATION_LEVEL = "-Onone";
			};
			name = Debug;
		};
		93C4093C2D064F5400A5B4D5 /* Release */ = {
			isa = XCBuildConfiguration;
			buildSettings = {
				ALWAYS_SEARCH_USER_PATHS = NO;
				ASSETCATALOG_COMPILER_GENERATE_SWIFT_ASSET_SYMBOL_EXTENSIONS = YES;
				CLANG_ANALYZER_NONNULL = YES;
				CLANG_ANALYZER_NUMBER_OBJECT_CONVERSION = YES_AGGRESSIVE;
				CLANG_CXX_LANGUAGE_STANDARD = "gnu++20";
				CLANG_ENABLE_MODULES = YES;
				CLANG_ENABLE_OBJC_ARC = YES;
				CLANG_ENABLE_OBJC_WEAK = YES;
				CLANG_WARN_BLOCK_CAPTURE_AUTORELEASING = YES;
				CLANG_WARN_BOOL_CONVERSION = YES;
				CLANG_WARN_COMMA = YES;
				CLANG_WARN_CONSTANT_CONVERSION = YES;
				CLANG_WARN_DEPRECATED_OBJC_IMPLEMENTATIONS = YES;
				CLANG_WARN_DIRECT_OBJC_ISA_USAGE = YES_ERROR;
				CLANG_WARN_DOCUMENTATION_COMMENTS = YES;
				CLANG_WARN_EMPTY_BODY = YES;
				CLANG_WARN_ENUM_CONVERSION = YES;
				CLANG_WARN_INFINITE_RECURSION = YES;
				CLANG_WARN_INT_CONVERSION = YES;
				CLANG_WARN_NON_LITERAL_NULL_CONVERSION = YES;
				CLANG_WARN_OBJC_IMPLICIT_RETAIN_SELF = YES;
				CLANG_WARN_OBJC_LITERAL_CONVERSION = YES;
				CLANG_WARN_OBJC_ROOT_CLASS = YES_ERROR;
				CLANG_WARN_QUOTED_INCLUDE_IN_FRAMEWORK_HEADER = YES;
				CLANG_WARN_RANGE_LOOP_ANALYSIS = YES;
				CLANG_WARN_STRICT_PROTOTYPES = YES;
				CLANG_WARN_SUSPICIOUS_MOVE = YES;
				CLANG_WARN_UNGUARDED_AVAILABILITY = YES_AGGRESSIVE;
				CLANG_WARN_UNREACHABLE_CODE = YES;
				CLANG_WARN__DUPLICATE_METHOD_MATCH = YES;
				COPY_PHASE_STRIP = NO;
				DEBUG_INFORMATION_FORMAT = "dwarf-with-dsym";
				ENABLE_NS_ASSERTIONS = NO;
				ENABLE_STRICT_OBJC_MSGSEND = YES;
				ENABLE_USER_SCRIPT_SANDBOXING = YES;
				GCC_C_LANGUAGE_STANDARD = gnu17;
				GCC_NO_COMMON_BLOCKS = YES;
				GCC_WARN_64_TO_32_BIT_CONVERSION = YES;
				GCC_WARN_ABOUT_RETURN_TYPE = YES_ERROR;
				GCC_WARN_UNDECLARED_SELECTOR = YES;
				GCC_WARN_UNINITIALIZED_AUTOS = YES_AGGRESSIVE;
				GCC_WARN_UNUSED_FUNCTION = YES;
				GCC_WARN_UNUSED_VARIABLE = YES;
				LOCALIZATION_PREFERS_STRING_CATALOGS = YES;
				MACOSX_DEPLOYMENT_TARGET = 15.1;
				MTL_ENABLE_DEBUG_INFO = NO;
				MTL_FAST_MATH = YES;
				SDKROOT = macosx;
				SWIFT_COMPILATION_MODE = wholemodule;
			};
			name = Release;
		};
		93C4093E2D064F5400A5B4D5 /* Debug */ = {
			isa = XCBuildConfiguration;
			buildSettings = {
				ASSETCATALOG_COMPILER_APPICON_NAME = AppIcon;
				ASSETCATALOG_COMPILER_GLOBAL_ACCENT_COLOR_NAME = AccentColor;
				CODE_SIGN_ENTITLEMENTS = "DS Stop/DS_Stop.entitlements";
				CODE_SIGN_STYLE = Automatic;
				COMBINE_HIDPI_IMAGES = YES;
				CURRENT_PROJECT_VERSION = 1;
				DEVELOPMENT_ASSET_PATHS = "\"DS Stop/Preview Content\"";
				DEVELOPMENT_TEAM = SAR93BUHA2;
				ENABLE_HARDENED_RUNTIME = YES;
				ENABLE_PREVIEWS = YES;
				GENERATE_INFOPLIST_FILE = YES;
				INFOPLIST_KEY_NSHumanReadableCopyright = "";
				LD_RUNPATH_SEARCH_PATHS = (
					"$(inherited)",
					"@executable_path/../Frameworks",
				);
				MARKETING_VERSION = 1.0;
				PRODUCT_BUNDLE_IDENTIFIER = "com.Zeyu-Xie.DS-Stop";
				PRODUCT_NAME = "$(TARGET_NAME)";
				SWIFT_EMIT_LOC_STRINGS = YES;
				SWIFT_VERSION = 5.0;
			};
			name = Debug;
		};
		93C4093F2D064F5400A5B4D5 /* Release */ = {
			isa = XCBuildConfiguration;
			buildSettings = {
				ASSETCATALOG_COMPILER_APPICON_NAME = AppIcon;
				ASSETCATALOG_COMPILER_GLOBAL_ACCENT_COLOR_NAME = AccentColor;
				CODE_SIGN_ENTITLEMENTS = "DS Stop/DS_Stop.entitlements";
				CODE_SIGN_STYLE = Automatic;
				COMBINE_HIDPI_IMAGES = YES;
				CURRENT_PROJECT_VERSION = 1;
				DEVELOPMENT_ASSET_PATHS = "\"DS Stop/Preview Content\"";
				DEVELOPMENT_TEAM = SAR93BUHA2;
				ENABLE_HARDENED_RUNTIME = YES;
				ENABLE_PREVIEWS = YES;
				GENERATE_INFOPLIST_FILE = YES;
				INFOPLIST_KEY_NSHumanReadableCopyright = "";
				LD_RUNPATH_SEARCH_PATHS = (
					"$(inherited)",
					"@executable_path/../Frameworks",
				);
				MARKETING_VERSION = 1.0;
				PRODUCT_BUNDLE_IDENTIFIER = "com.Zeyu-Xie.DS-Stop";
				PRODUCT_NAME = "$(TARGET_NAME)";
				SWIFT_EMIT_LOC_STRINGS = YES;
				SWIFT_VERSION = 5.0;
			};
			name = Release;
		};
		93C409412D064F5400A5B4D5 /* Debug */ = {
			isa = XCBuildConfiguration;
			buildSettings = {
				BUNDLE_LOADER = "$(TEST_HOST)";
				CODE_SIGN_STYLE = Automatic;
				CURRENT_PROJECT_VERSION = 1;
				DEVELOPMENT_TEAM = SAR93BUHA2;
				GENERATE_INFOPLIST_FILE = YES;
				MACOSX_DEPLOYMENT_TARGET = 15.1;
				MARKETING_VERSION = 1.0;
				PRODUCT_BUNDLE_IDENTIFIER = "com.Zeyu-Xie.DS-StopTests";
				PRODUCT_NAME = "$(TARGET_NAME)";
				SWIFT_EMIT_LOC_STRINGS = NO;
				SWIFT_VERSION = 5.0;
				TEST_HOST = "$(BUILT_PRODUCTS_DIR)/DS Stop.app/$(BUNDLE_EXECUTABLE_FOLDER_PATH)/DS Stop";
			};
			name = Debug;
		};
		93C409422D064F5400A5B4D5 /* Release */ = {
			isa = XCBuildConfiguration;
			buildSettings = {
				BUNDLE_LOADER = "$(TEST_HOST)";
				CODE_SIGN_STYLE = Automatic;
				CURRENT_PROJECT_VERSION = 1;
				DEVELOPMENT_TEAM = SAR93BUHA2;
				GENERATE_INFOPLIST_FILE = YES;
				MACOSX_DEPLOYMENT_TARGET = 15.1;
				MARKETING_VERSION = 1.0;
				PRODUCT_BUNDLE_IDENTIFIER = "com.Zeyu-Xie.DS-StopTests";
				PRODUCT_NAME = "$(TARGET_NAME)";
				SWIFT_EMIT_LOC_STRINGS = NO;
				SWIFT_VERSION = 5.0;
				TEST_HOST = "$(BUILT_PRODUCTS_DIR)/DS Stop.app/$(BUNDLE_EXECUTABLE_FOLDER_PATH)/DS Stop";
			};
			name = Release;
		};
		93C409442D064F5400A5B4D5 /* Debug */ = {
			isa = XCBuildConfiguration;
			buildSettings = {
				CODE_SIGN_STYLE = Automatic;
				CURRENT_PROJECT_VERSION = 1;
				DEVELOPMENT_TEAM = SAR93BUHA2;
				GENERATE_INFOPLIST_FILE = YES;
				MARKETING_VERSION = 1.0;
				PRODUCT_BUNDLE_IDENTIFIER = "com.Zeyu-Xie.DS-StopUITests";
				PRODUCT_NAME = "$(TARGET_NAME)";
				SWIFT_EMIT_LOC_STRINGS = NO;
				SWIFT_VERSION = 5.0;
				TEST_TARGET_NAME = "DS Stop";
			};
			name = Debug;
		};
		93C409452D064F5400A5B4D5 /* Release */ = {
			isa = XCBuildConfiguration;
			buildSettings = {
				CODE_SIGN_STYLE = Automatic;
				CURRENT_PROJECT_VERSION = 1;
				DEVELOPMENT_TEAM = SAR93BUHA2;
				GENERATE_INFOPLIST_FILE = YES;
				MARKETING_VERSION = 1.0;
				PRODUCT_BUNDLE_IDENTIFIER = "com.Zeyu-Xie.DS-StopUITests";
				PRODUCT_NAME = "$(TARGET_NAME)";
				SWIFT_EMIT_LOC_STRINGS = NO;
				SWIFT_VERSION = 5.0;
				TEST_TARGET_NAME = "DS Stop";
			};
			name = Release;
		};
/* End XCBuildConfiguration section */

/* Begin XCConfigurationList section */
		93C409132D064F5300A5B4D5 /* Build configuration list for PBXProject "DS Stop" */ = {
			isa = XCConfigurationList;
			buildConfigurations = (
				93C4093B2D064F5400A5B4D5 /* Debug */,
				93C4093C2D064F5400A5B4D5 /* Release */,
			);
			defaultConfigurationIsVisible = 0;
			defaultConfigurationName = Release;
		};
		93C4093D2D064F5400A5B4D5 /* Build configuration list for PBXNativeTarget "DS Stop" */ = {
			isa = XCConfigurationList;
			buildConfigurations = (
				93C4093E2D064F5400A5B4D5 /* Debug */,
				93C4093F2D064F5400A5B4D5 /* Release */,
			);
			defaultConfigurationIsVisible = 0;
			defaultConfigurationName = Release;
		};
		93C409402D064F5400A5B4D5 /* Build configuration list for PBXNativeTarget "DS StopTests" */ = {
			isa = XCConfigurationList;
			buildConfigurations = (
				93C409412D064F5400A5B4D5 /* Debug */,
				93C409422D064F5400A5B4D5 /* Release */,
			);
			defaultConfigurationIsVisible = 0;
			defaultConfigurationName = Release;
		};
		93C409432D064F5400A5B4D5 /* Build configuration list for PBXNativeTarget "DS StopUITests" */ = {
			isa = XCConfigurationList;
			buildConfigurations = (
				93C409442D064F5400A5B4D5 /* Debug */,
				93C409452D064F5400A5B4D5 /* Release */,
			);
			defaultConfigurationIsVisible = 0;
			defaultConfigurationName = Release;
		};
/* End XCConfigurationList section */
	};
	rootObject = 93C409102D064F5300A5B4D5 /* Project object */;
}
